
Microsoft Visual Studio Solution File, Format Version 12.00
# Visual Studio Version 16
VisualStudioVersion = 16.0.29020.237
MinimumVisualStudioVersion = 10.0.40219.1
Project("{8BC9CEB8-8B4A-11D0-8D11-00A0C91BC942}") = "OPFL", "OPFL\OPFL.vcxproj", "{217DAA65-7808-44E9-96F7-801DBEE096B7}"
EndProject
Project("{8BC9CEB8-8B4A-11D0-8D11-00A0C91BC942}") = "DatabaseConnector", "DatabaseConnector\DatabaseConnector.vcxproj", "{0397C296-CFA0-4CB8-91D7-58EEC681C2CD}"
EndProject
Global
	GlobalSection(SolutionConfigurationPlatforms) = preSolution
		Debug|x64 = Debug|x64
		Debug|x86 = Debug|x86
		Release|x64 = Release|x64
		Release|x86 = Release|x86
	EndGlobalSection
	GlobalSection(ProjectConfigurationPlatforms) = postSolution
		{217DAA65-7808-44E9-96F7-801DBEE096B7}.Debug|x64.ActiveCfg = Debug|x64
		{217DAA65-7808-44E9-96F7-801DBEE096B7}.Debug|x64.Build.0 = Debug|x64
		{217DAA65-7808-44E9-96F7-801DBEE096B7}.Debug|x86.ActiveCfg = Debug|x64
		{217DAA65-7808-44E9-96F7-801DBEE096B7}.Release|x64.ActiveCfg = Release|x64
		{217DAA65-7808-44E9-96F7-801DBEE096B7}.Release|x64.Build.0 = Release|x64
		{217DAA65-7808-44E9-96F7-801DBEE096B7}.Release|x86.ActiveCfg = Release|x64
		{0397C296-CFA0-4CB8-91D7-58EEC681C2CD}.Debug|x64.ActiveCfg = Debug|x64
		{0397C296-CFA0-4CB8-91D7-58EEC681C2CD}.Debug|x64.Build.0 = Debug|x64
		{0397C296-CFA0-4CB8-91D7-58EEC681C2CD}.Debug|x86.ActiveCfg = Debug|x64
		{0397C296-CFA0-4CB8-91D7-58EEC681C2CD}.Release|x64.ActiveCfg = Release|x64
		{0397C296-CFA0-4CB8-91D7-58EEC681C2CD}.Release|x64.Build.0 = Release|x64
		{0397C296-CFA0-4CB8-91D7-58EEC681C2CD}.Release|x86.ActiveCfg = Release|x64
	EndGlobalSection
	GlobalSection(SolutionProperties) = preSolution
		HideSolutionNode = FALSE
	EndGlobalSection
	GlobalSection(ExtensibilityGlobals) = postSolution
		SolutionGuid = {5427F43D-EFEA-456F-A5FD-3E5AA8D8C786}
	EndGlobalSection
EndGlobal
